github.com/google/uuid v1.3.0 h1:t6JiXgmwXMjEs8VusXIJk2BXHsn+wx8BZdTaoZ5fu7I=
github.com/google/uuid v1.3.0/go.mod h1:TIyPZe4MgqvfeYDBFedMoGGpEw/LqOeaOT+nhxU+yHo=
github.com/latonaio/golang-logging-library-for-data-platform v1.0.1 h1:WXGyvSH1yfZqRxRY2fq6eF9i6yHZ8y77sbHt0HRLOgQ=
github.com/latonaio/golang-logging-library-for-data-platform v1.0.1/go.mod h1:9Uv8NjExV1DRExDDktbud6L2K1kcUaYowUbBFaK1SLE=
github.com/latonaio/rabbitmq-golang-client-for-data-platform v1.0.0 h1:E2e+3wpPupvm1PTn8u44gWtOmT7m1cXwQHSJLzcNiOg=
github.com/latonaio/rabbitmq-golang-client-for-data-platform v1.0.0/go.mod h1:ctn3XnL+GVLS6+I1XyEdoA/w5gmNwinjvYCuAB+FqLw=
github.com/streadway/amqp v1.0.0 h1:kuuDrUJFZL1QYL9hUNuCxNObNzB0bV/ZG5jV3RWAQgo=
github.com/streadway/amqp v1.0.0/go.mod h1:AZpEONHx3DKn8O/DFsRAY58/XVQiIPMTMB1SddzLXVw=
